
Microsoft Visual Studio Solution File, Format Version 12.00
# Visual Studio 15
VisualStudioVersion = 15.0.28010.2016
MinimumVisualStudioVersion = 10.0.40219.1
Project("{FAE04EC0-301F-11D3-BF4B-00C04F79EFBC}") = "WindowsFormsApp1", "WindowsFormsApp1\WindowsFormsApp1.csproj", "{E94B7C64-3EE6-4735-9ADF-73CCB8C9B0A8}"
EndProject
Global
	GlobalSection(SolutionConfigurationPlatforms) = preSolution
		Debug|Any CPU = Debug|Any CPU
		Release|Any CPU = Release|Any CPU
	EndGlobalSection
	GlobalSection(ProjectConfigurationPlatforms) = postSolution
		{E94B7C64-3EE6-4735-9ADF-73CCB8C9B0A8}.Debug|Any CPU.ActiveCfg = Debug|Any CPU
		{E94B7C64-3EE6-4735-9ADF-73CCB8C9B0A8}.Debug|Any CPU.Build.0 = Debug|Any CPU
		{E94B7C64-3EE6-4735-9ADF-73CCB8C9B0A8}.Release|Any CPU.ActiveCfg = Release|Any CPU
		{E94B7C64-3EE6-4735-9ADF-73CCB8C9B0A8}.Release|Any CPU.Build.0 = Release|Any CPU
	EndGlobalSection
	GlobalSection(SolutionProperties) = preSolution
		HideSolutionNode = FALSE
	EndGlobalSection
	GlobalSection(ExtensibilityGlobals) = postSolution
		SolutionGuid = {8C56D82D-5B03-4003-A767-735CB62B0C8D}
	EndGlobalSection
EndGlobal
